
Microsoft Visual Studio Solution File, Format Version 12.00
# Visual Studio Version 17
VisualStudioVersion = 17.6.33815.320
MinimumVisualStudioVersion = 10.0.40219.1
Project("{FAE04EC0-301F-11D3-BF4B-00C04F79EFBC}") = "Stationary", "Stationary\Stationary.csproj", "{E8C2AFDF-787D-413D-B27D-54A46245A310}"
EndProject
Project("{FAE04EC0-301F-11D3-BF4B-00C04F79EFBC}") = "Stationary.Tests", "Stationary.Tests\Stationary.Tests.csproj", "{3BBBA4F4-E48E-47C5-900C-F0E331A81AD5}"
EndProject
Global
	GlobalSection(SolutionConfigurationPlatforms) = preSolution
		Debug|Any CPU = Debug|Any CPU
		Release|Any CPU = Release|Any CPU
	EndGlobalSection
	GlobalSection(ProjectConfigurationPlatforms) = postSolution
		{E8C2AFDF-787D-413D-B27D-54A46245A310}.Debug|Any CPU.ActiveCfg = Debug|Any CPU
		{E8C2AFDF-787D-413D-B27D-54A46245A310}.Debug|Any CPU.Build.0 = Debug|Any CPU
		{E8C2AFDF-787D-413D-B27D-54A46245A310}.Release|Any CPU.ActiveCfg = Release|Any CPU
		{E8C2AFDF-787D-413D-B27D-54A46245A310}.Release|Any CPU.Build.0 = Release|Any CPU
		{3BBBA4F4-E48E-47C5-900C-F0E331A81AD5}.Debug|Any CPU.ActiveCfg = Debug|Any CPU
		{3BBBA4F4-E48E-47C5-900C-F0E331A81AD5}.Debug|Any CPU.Build.0 = Debug|Any CPU
		{3BBBA4F4-E48E-47C5-900C-F0E331A81AD5}.Release|Any CPU.ActiveCfg = Release|Any CPU
		{3BBBA4F4-E48E-47C5-900C-F0E331A81AD5}.Release|Any CPU.Build.0 = Release|Any CPU
	EndGlobalSection
	GlobalSection(SolutionProperties) = preSolution
		HideSolutionNode = FALSE
	EndGlobalSection
	GlobalSection(ExtensibilityGlobals) = postSolution
		SolutionGuid = {08E11D8F-0CAC-40C1-BC84-A48CC5CB6A66}
	EndGlobalSection
EndGlobal
